<?xml version="1.0" encoding="utf-8"?>
<Project ToolsVersion="4.0" xmlns="http://schemas.microsoft.com/developer/msbuild/2003">
  <ItemGroup>
    <Filter Include="Source Files">
      <UniqueIdentifier>{4FC737F1-C7A5-4376-A066-2A32D752A2FF}</UniqueIdentifier>
      <Extensions>cpp;c;cc;cxx;def;odl;idl;hpj;bat;asm;asmx</Extensions>
    </Filter>
    <Filter Include="Header Files">
      <UniqueIdentifier>{93995380-89BD-4b04-88EB-625FBE52EBFB}</UniqueIdentifier>
      <Extensions>h;hh;hpp;hxx;hm;inl;inc;xsd</Extensions>
    </Filter>
    <Filter Include="Resource Files">
      <UniqueIdentifier>{67DA6AB6-F800-4c08-8B7A-83BB121AAD01}</UniqueIdentifier>
      <Extensions>rc;ico;cur;bmp;dlg;rc2;rct;bin;rgs;gif;jpg;jpeg;jpe;resx;tiff;tif;png;wav</Extensions>
    </Filter>
  </ItemGroup>
  <ItemGroup>
    <ClCompile Include="Account.cpp">
      <Filter>Source Files</Filter>
    </ClCompile>
    <ClCompile Include="Book.cpp">
      <Filter>Source Files</Filter>
    </ClCompile>
    <ClCompile Include="BookStore.cpp">
      <Filter>Source Files</Filter>
    </ClCompile>
    <ClCompile Include="Login.cpp">
      <Filter>Source Files</Filter>
    </ClCompile>
    <ClCompile Include="main.cpp">
      <Filter>Source Files</Filter>
    </ClCompile>
    <ClCompile Include="mainAccount.cpp">
      <Filter>Source Files</Filter>
    </ClCompile>
    <ClCompile Include="mainBuy.cpp">
      <Filter>Source Files</Filter>
    </ClCompile>
    <ClCompile Include="mainLogin.cpp">
      <Filter>Source Files</Filter>
    </ClCompile>
    <ClCompile Include="mainMerchant.cpp">
      <Filter>Source Files</Filter>
    </ClCompile>
    <ClCompile Include="mainMerchantAccount.cpp">
      <Filter>Source Files</Filter>
    </ClCompile>
    <ClCompile Include="mainMerchantBookStore.cpp">
      <Filter>Source Files</Filter>
    </ClCompile>
    <ClCompile Include="mainMerchantLogin.cpp">
      <Filter>Source Files</Filter>
    </ClCompile>
    <ClCompile Include="mainMyAccount.cpp">
      <Filter>Source Files</Filter>
    </ClCompile>
    <ClCompile Include="mainMyBookStore.cpp">
      <Filter>Source Files</Filter>
    </ClCompile>
    <ClCompile Include="mainSence.cpp">
      <Filter>Source Files</Filter>
    </ClCompile>
    <ClCompile Include="MerBox.cpp">
      <Filter>Source Files</Filter>
    </ClCompile>
    <ClCompile Include="MerchantAccount.cpp">
      <Filter>Source Files</Filter>
    </ClCompile>
    <ClCompile Include="MerchantBookStore.cpp">
      <Filter>Source Files</Filter>
    </ClCompile>
    <ClCompile Include="MerchantLogin.cpp">
      <Filter>Source Files</Filter>
    </ClCompile>
    <ClCompile Include="MyAccount.cpp">
      <Filter>Source Files</Filter>
    </ClCompile>
    <ClCompile Include="MyBookStore.cpp">
      <Filter>Source Files</Filter>
    </ClCompile>
    <ClCompile Include="MyLogin.cpp">
      <Filter>Source Files</Filter>
    </ClCompile>
    <ClCompile Include="User.cpp">
      <Filter>Source Files</Filter>
    </ClCompile>
  </ItemGroup>
  <ItemGroup>
    <ClInclude Include="Account.h">
      <Filter>Header Files</Filter>
    </ClInclude>
    <ClInclude Include="Book.h">
      <Filter>Header Files</Filter>
    </ClInclude>
    <ClInclude Include="BookStore.h">
      <Filter>Header Files</Filter>
    </ClInclude>
    <ClInclude Include="BookStoreBox.h">
      <Filter>Header Files</Filter>
    </ClInclude>
    <ClInclude Include="Login.h">
      <Filter>Header Files</Filter>
    </ClInclude>
    <ClInclude Include="mainAccount.h">
      <Filter>Header Files</Filter>
    </ClInclude>
    <ClInclude Include="mainBuy.h">
      <Filter>Header Files</Filter>
    </ClInclude>
    <ClInclude Include="mainLogin.h">
      <Filter>Header Files</Filter>
    </ClInclude>
    <ClInclude Include="mainMerchant.h">
      <Filter>Header Files</Filter>
    </ClInclude>
    <ClInclude Include="mainMerchantAccount.h">
      <Filter>Header Files</Filter>
    </ClInclude>
    <ClInclude Include="mainMerchantBookStore.h">
      <Filter>Header Files</Filter>
    </ClInclude>
    <ClInclude Include="mainMerchantLogin.h">
      <Filter>Header Files</Filter>
    </ClInclude>
    <ClInclude Include="mainMyAccount.h">
      <Filter>Header Files</Filter>
    </ClInclude>
    <ClInclude Include="mainMyBookStore.h">
      <Filter>Header Files</Filter>
    </ClInclude>
    <ClInclude Include="mainSence.h">
      <Filter>Header Files</Filter>
    </ClInclude>
    <ClInclude Include="MerBox.h">
      <Filter>Header Files</Filter>
    </ClInclude>
    <ClInclude Include="MerchantAccount.h">
      <Filter>Header Files</Filter>
    </ClInclude>
    <ClInclude Include="MerchantBookStore.h">
      <Filter>Header Files</Filter>
    </ClInclude>
    <ClInclude Include="MerchantLogin.h">
      <Filter>Header Files</Filter>
    </ClInclude>
    <ClInclude Include="MyAccount.h">
      <Filter>Header Files</Filter>
    </ClInclude>
    <ClInclude Include="MyBookStore.h">
      <Filter>Header Files</Filter>
    </ClInclude>
    <ClInclude Include="MyLogin.h">
      <Filter>Header Files</Filter>
    </ClInclude>
    <ClInclude Include="User.h">
      <Filter>Header Files</Filter>
    </ClInclude>
  </ItemGroup>
</Project>